
Microsoft Visual Studio Solution File, Format Version 12.00
# Visual Studio Version 16
VisualStudioVersion = 16.0.32106.194
MinimumVisualStudioVersion = 10.0.40219.1
Project("{FAE04EC0-301F-11D3-BF4B-00C04F79EFBC}") = "Shopping.Client", "Shopping.Client\Shopping.Client.csproj", "{748133CA-43FF-4A20-849C-7C4D254FC375}"
EndProject
Global
	GlobalSection(SolutionConfigurationPlatforms) = preSolution
		Debug|Any CPU = Debug|Any CPU
		Release|Any CPU = Release|Any CPU
	EndGlobalSection
	GlobalSection(ProjectConfigurationPlatforms) = postSolution
		{748133CA-43FF-4A20-849C-7C4D254FC375}.Debug|Any CPU.ActiveCfg = Debug|Any CPU
		{748133CA-43FF-4A20-849C-7C4D254FC375}.Debug|Any CPU.Build.0 = Debug|Any CPU
		{748133CA-43FF-4A20-849C-7C4D254FC375}.Release|Any CPU.ActiveCfg = Release|Any CPU
		{748133CA-43FF-4A20-849C-7C4D254FC375}.Release|Any CPU.Build.0 = Release|Any CPU
	EndGlobalSection
	GlobalSection(SolutionProperties) = preSolution
		HideSolutionNode = FALSE
	EndGlobalSection
	GlobalSection(ExtensibilityGlobals) = postSolution
		SolutionGuid = {17FD36D2-0CF4-4618-B559-A044DCF5AFF1}
	EndGlobalSection
EndGlobal
